
Microsoft Visual Studio Solution File, Format Version 12.00
# Visual Studio Version 16
VisualStudioVersion = 16.0.29306.81
MinimumVisualStudioVersion = 10.0.40219.1
Project("{FAE04EC0-301F-11D3-BF4B-00C04F79EFBC}") = "StudentTrackerTest", "StudentTrackerTest\StudentTrackerTest.csproj", "{D244B861-1EC5-494B-91EE-4D27444A111A}"
EndProject
Global
	GlobalSection(SolutionConfigurationPlatforms) = preSolution
		Debug|Any CPU = Debug|Any CPU
		Release|Any CPU = Release|Any CPU
	EndGlobalSection
	GlobalSection(ProjectConfigurationPlatforms) = postSolution
		{D244B861-1EC5-494B-91EE-4D27444A111A}.Debug|Any CPU.ActiveCfg = Debug|Any CPU
		{D244B861-1EC5-494B-91EE-4D27444A111A}.Debug|Any CPU.Build.0 = Debug|Any CPU
		{D244B861-1EC5-494B-91EE-4D27444A111A}.Release|Any CPU.ActiveCfg = Release|Any CPU
		{D244B861-1EC5-494B-91EE-4D27444A111A}.Release|Any CPU.Build.0 = Release|Any CPU
	EndGlobalSection
	GlobalSection(SolutionProperties) = preSolution
		HideSolutionNode = FALSE
	EndGlobalSection
	GlobalSection(ExtensibilityGlobals) = postSolution
		SolutionGuid = {871473F8-1167-409D-BC92-B326C9F7D5F2}
	EndGlobalSection
EndGlobal
